
Microsoft Visual Studio Solution File, Format Version 12.00
# Visual Studio 14
VisualStudioVersion = 14.0.25420.1
MinimumVisualStudioVersion = 10.0.40219.1
Project("{FAE04EC0-301F-11D3-BF4B-00C04F79EFBC}") = "Domain", "Domain\Domain.csproj", "{AA38BA50-00E2-4E94-9FCE-65D2C13B4F4E}"
EndProject
Project("{FAE04EC0-301F-11D3-BF4B-00C04F79EFBC}") = "GUI", "GUI\GUI.csproj", "{CA65A390-F1D2-45AE-9269-CF2150D379DD}"
EndProject
Project("{FAE04EC0-301F-11D3-BF4B-00C04F79EFBC}") = "Data", "Data\Data.csproj", "{B3791D34-0341-4A29-85ED-01C569095BF3}"
EndProject
Project("{FAE04EC0-301F-11D3-BF4B-00C04F79EFBC}") = "Service", "Service\Service.csproj", "{CB851F1A-3367-4500-B9F9-4ED0F2A7528C}"
EndProject
Project("{FAE04EC0-301F-11D3-BF4B-00C04F79EFBC}") = "ServicePattern", "ServicePattern\ServicePattern.csproj", "{D4812987-D0E0-45C2-A50C-7E07CC9AC83A}"
EndProject
Project("{FAE04EC0-301F-11D3-BF4B-00C04F79EFBC}") = "Web", "Web\Web.csproj", "{9DA23EA6-4A67-4B55-945B-99672A73B250}"
EndProject
Global
	GlobalSection(SolutionConfigurationPlatforms) = preSolution
		Debug|Any CPU = Debug|Any CPU
		Release|Any CPU = Release|Any CPU
	EndGlobalSection
	GlobalSection(ProjectConfigurationPlatforms) = postSolution
		{AA38BA50-00E2-4E94-9FCE-65D2C13B4F4E}.Debug|Any CPU.ActiveCfg = Debug|Any CPU
		{AA38BA50-00E2-4E94-9FCE-65D2C13B4F4E}.Debug|Any CPU.Build.0 = Debug|Any CPU
		{AA38BA50-00E2-4E94-9FCE-65D2C13B4F4E}.Release|Any CPU.ActiveCfg = Release|Any CPU
		{AA38BA50-00E2-4E94-9FCE-65D2C13B4F4E}.Release|Any CPU.Build.0 = Release|Any CPU
		{CA65A390-F1D2-45AE-9269-CF2150D379DD}.Debug|Any CPU.ActiveCfg = Debug|Any CPU
		{CA65A390-F1D2-45AE-9269-CF2150D379DD}.Debug|Any CPU.Build.0 = Debug|Any CPU
		{CA65A390-F1D2-45AE-9269-CF2150D379DD}.Release|Any CPU.ActiveCfg = Release|Any CPU
		{CA65A390-F1D2-45AE-9269-CF2150D379DD}.Release|Any CPU.Build.0 = Release|Any CPU
		{B3791D34-0341-4A29-85ED-01C569095BF3}.Debug|Any CPU.ActiveCfg = Debug|Any CPU
		{B3791D34-0341-4A29-85ED-01C569095BF3}.Debug|Any CPU.Build.0 = Debug|Any CPU
		{B3791D34-0341-4A29-85ED-01C569095BF3}.Release|Any CPU.ActiveCfg = Release|Any CPU
		{B3791D34-0341-4A29-85ED-01C569095BF3}.Release|Any CPU.Build.0 = Release|Any CPU
		{CB851F1A-3367-4500-B9F9-4ED0F2A7528C}.Debug|Any CPU.ActiveCfg = Debug|Any CPU
		{CB851F1A-3367-4500-B9F9-4ED0F2A7528C}.Debug|Any CPU.Build.0 = Debug|Any CPU
		{CB851F1A-3367-4500-B9F9-4ED0F2A7528C}.Release|Any CPU.ActiveCfg = Release|Any CPU
		{CB851F1A-3367-4500-B9F9-4ED0F2A7528C}.Release|Any CPU.Build.0 = Release|Any CPU
		{D4812987-D0E0-45C2-A50C-7E07CC9AC83A}.Debug|Any CPU.ActiveCfg = Debug|Any CPU
		{D4812987-D0E0-45C2-A50C-7E07CC9AC83A}.Debug|Any CPU.Build.0 = Debug|Any CPU
		{D4812987-D0E0-45C2-A50C-7E07CC9AC83A}.Release|Any CPU.ActiveCfg = Release|Any CPU
		{D4812987-D0E0-45C2-A50C-7E07CC9AC83A}.Release|Any CPU.Build.0 = Release|Any CPU
		{9DA23EA6-4A67-4B55-945B-99672A73B250}.Debug|Any CPU.ActiveCfg = Debug|Any CPU
		{9DA23EA6-4A67-4B55-945B-99672A73B250}.Debug|Any CPU.Build.0 = Debug|Any CPU
		{9DA23EA6-4A67-4B55-945B-99672A73B250}.Release|Any CPU.ActiveCfg = Release|Any CPU
		{9DA23EA6-4A67-4B55-945B-99672A73B250}.Release|Any CPU.Build.0 = Release|Any CPU
	EndGlobalSection
	GlobalSection(SolutionProperties) = preSolution
		HideSolutionNode = FALSE
	EndGlobalSection
EndGlobal
